// !$*UTF8*$!
{
	archiveVersion = 1;
	classes = {
	};
	objectVersion = 46;
	objects = {

/* Begin PBXBuildFile section */
		58028ED51C19610C00933E10 /* RegistrationViewController.m in Sources */ = {isa = PBXBuildFile; fileRef = 58028ED31C19610C00933E10 /* RegistrationViewController.m */; };
		58028ED61C19610C00933E10 /* RegistrationViewController.xib in Resources */ = {isa = PBXBuildFile; fileRef = 58028ED41C19610C00933E10 /* RegistrationViewController.xib */; };
		58028EDB1C19692E00933E10 /* SplashScreenViewController.m in Sources */ = {isa = PBXBuildFile; fileRef = 58028ED91C19692E00933E10 /* SplashScreenViewController.m */; };
		58028EDC1C19692E00933E10 /* SplashScreenViewController.xib in Resources */ = {isa = PBXBuildFile; fileRef = 58028EDA1C19692E00933E10 /* SplashScreenViewController.xib */; };
		58028EE01C196E4F00933E10 /* LoginViewController.m in Sources */ = {isa = PBXBuildFile; fileRef = 58028EDE1C196E4F00933E10 /* LoginViewController.m */; };
		58028EE11C196E4F00933E10 /* LoginViewController.xib in Resources */ = {isa = PBXBuildFile; fileRef = 58028EDF1C196E4F00933E10 /* LoginViewController.xib */; };
		58360A231C293ECE0057F5E3 /* DealCategoryManager.m in Sources */ = {isa = PBXBuildFile; fileRef = 58360A221C293ECE0057F5E3 /* DealCategoryManager.m */; };
		58391B7F1C04EB72007E3C57 /* Deal+CoreDataProperties.m in Sources */ = {isa = PBXBuildFile; fileRef = 58391B7C1C04EB72007E3C57 /* Deal+CoreDataProperties.m */; };
		58391B801C04EB72007E3C57 /* Deal.m in Sources */ = {isa = PBXBuildFile; fileRef = 58391B7E1C04EB72007E3C57 /* Deal.m */; };
		58391B841C04EEDE007E3C57 /* CategoriesTableViewController.m in Sources */ = {isa = PBXBuildFile; fileRef = 58391B821C04EEDE007E3C57 /* CategoriesTableViewController.m */; };
		583A48881C1D7807001F8146 /* TextField.m in Sources */ = {isa = PBXBuildFile; fileRef = 583A48871C1D7807001F8146 /* TextField.m */; };
		583A488C1C1D7E26001F8146 /* CategoryTableViewCell.m in Sources */ = {isa = PBXBuildFile; fileRef = 583A488A1C1D7E26001F8146 /* CategoryTableViewCell.m */; };
		583A488D1C1D7E26001F8146 /* DealTableViewCell.xib in Resources */ = {isa = PBXBuildFile; fileRef = 583A488B1C1D7E26001F8146 /* DealTableViewCell.xib */; };
		583A48921C1E3F9F001F8146 /* DealsTableViewController.m in Sources */ = {isa = PBXBuildFile; fileRef = 583A48911C1E3F9F001F8146 /* DealsTableViewController.m */; };
		583A48951C1E621B001F8146 /* DealsMapViewController.m in Sources */ = {isa = PBXBuildFile; fileRef = 583A48941C1E621B001F8146 /* DealsMapViewController.m */; };
		58933F8C1C0115940013BCF2 /* main.m in Sources */ = {isa = PBXBuildFile; fileRef = 58933F8B1C0115940013BCF2 /* main.m */; };
		58933F8F1C0115940013BCF2 /* AppDelegate.m in Sources */ = {isa = PBXBuildFile; fileRef = 58933F8E1C0115940013BCF2 /* AppDelegate.m */; };
		58933F951C0115940013BCF2 /* Main.storyboard in Resources */ = {isa = PBXBuildFile; fileRef = 58933F931C0115940013BCF2 /* Main.storyboard */; };
		58933F981C0115940013BCF2 /* DealSecret.xcdatamodeld in Sources */ = {isa = PBXBuildFile; fileRef = 58933F961C0115940013BCF2 /* DealSecret.xcdatamodeld */; };
		58933F9A1C0115950013BCF2 /* Assets.xcassets in Resources */ = {isa = PBXBuildFile; fileRef = 58933F991C0115950013BCF2 /* Assets.xcassets */; };
		58933F9D1C0115950013BCF2 /* LaunchScreen.storyboard in Resources */ = {isa = PBXBuildFile; fileRef = 58933F9B1C0115950013BCF2 /* LaunchScreen.storyboard */; };
		58933FA91C0127480013BCF2 /* User.m in Sources */ = {isa = PBXBuildFile; fileRef = 58933FA71C0127480013BCF2 /* User.m */; };
		58933FCA1C02CBA10013BCF2 /* CoreLocation.framework in Frameworks */ = {isa = PBXBuildFile; fileRef = 58933FC91C02CBA10013BCF2 /* CoreLocation.framework */; };
		58933FCD1C02CBC80013BCF2 /* LocationManager.m in Sources */ = {isa = PBXBuildFile; fileRef = 58933FCC1C02CBC80013BCF2 /* LocationManager.m */; };
		58933FD01C02D9B50013BCF2 /* NetworkManager.m in Sources */ = {isa = PBXBuildFile; fileRef = 58933FCF1C02D9B50013BCF2 /* NetworkManager.m */; };
		589A0F4D1C062F2200458E52 /* Constants.m in Sources */ = {isa = PBXBuildFile; fileRef = 589A0F4C1C062F2200458E52 /* Constants.m */; };
		589A0F561C064A3900458E52 /* ManagedObject.m in Sources */ = {isa = PBXBuildFile; fileRef = 589A0F551C064A3900458E52 /* ManagedObject.m */; };
		589A0F5C1C07B8F500458E52 /* User+CoreDataProperties.m in Sources */ = {isa = PBXBuildFile; fileRef = 589A0F5B1C07B8F500458E52 /* User+CoreDataProperties.m */; };
		589A0F5F1C07D22800458E52 /* DealsHeaderView.m in Sources */ = {isa = PBXBuildFile; fileRef = 589A0F5E1C07D22800458E52 /* DealsHeaderView.m */; };
		589A0F631C0BB0B100458E52 /* DealTableViewCell.m in Sources */ = {isa = PBXBuildFile; fileRef = 589A0F621C0BB0B100458E52 /* DealTableViewCell.m */; };
		589A0F6D1C0FFC7400458E52 /* DealViewController.m in Sources */ = {isa = PBXBuildFile; fileRef = 589A0F6B1C0FFC7400458E52 /* DealViewController.m */; };
		589A0F701C10312900458E52 /* MapKit.framework in Frameworks */ = {isa = PBXBuildFile; fileRef = 589A0F6F1C10312900458E52 /* MapKit.framework */; };
		589A0F791C10487F00458E52 /* SettingsTableViewController.m in Sources */ = {isa = PBXBuildFile; fileRef = 589A0F771C10487F00458E52 /* SettingsTableViewController.m */; };
		589A0F7A1C10487F00458E52 /* SettingsTableViewController.xib in Resources */ = {isa = PBXBuildFile; fileRef = 589A0F781C10487F00458E52 /* SettingsTableViewController.xib */; };
		58D88BB31C2B942B002087E6 /* SubCategoryTableViewCell.m in Sources */ = {isa = PBXBuildFile; fileRef = 58D88BB21C2B942B002087E6 /* SubCategoryTableViewCell.m */; };
		58DB63111C26035800B3D9F6 /* PreferencesTableViewController.xib in Resources */ = {isa = PBXBuildFile; fileRef = 58DB630F1C26035800B3D9F6 /* PreferencesTableViewController.xib */; };
		58DB63141C26720B00B3D9F6 /* PreferencesTableViewController.m in Sources */ = {isa = PBXBuildFile; fileRef = 58DB63131C26720B00B3D9F6 /* PreferencesTableViewController.m */; };
		58DF6D271C27AEA200071717 /* DealSubCategory+CoreDataProperties.m in Sources */ = {isa = PBXBuildFile; fileRef = 58DF6D201C27AEA200071717 /* DealSubCategory+CoreDataProperties.m */; };
		58DF6D281C27AEA200071717 /* DealSubCategory.m in Sources */ = {isa = PBXBuildFile; fileRef = 58DF6D221C27AEA200071717 /* DealSubCategory.m */; };
		58DF6D291C27AEA200071717 /* DealCategory+CoreDataProperties.m in Sources */ = {isa = PBXBuildFile; fileRef = 58DF6D241C27AEA200071717 /* DealCategory+CoreDataProperties.m */; };
		58DF6D2A1C27AEA200071717 /* DealCategory.m in Sources */ = {isa = PBXBuildFile; fileRef = 58DF6D261C27AEA200071717 /* DealCategory.m */; };
		A1856927AF1870455FDF25AC /* libPods-DealSecret.a in Frameworks */ = {isa = PBXBuildFile; fileRef = B4FCBAD5C9639A6E28F31134 /* libPods-DealSecret.a */; settings = {ATTRIBUTES = (Required, ); }; };
		AA16B7FC1C3C6CF80033F57C /* ZipViewController.m in Sources */ = {isa = PBXBuildFile; fileRef = AA16B7FB1C3C6CF80033F57C /* ZipViewController.m */; };
		AA16B8021C3CC00E0033F57C /* CategoryHeaderView.m in Sources */ = {isa = PBXBuildFile; fileRef = AA16B8011C3CC00E0033F57C /* CategoryHeaderView.m */; };
		AA16B8051C3DC03C0033F57C /* DealButtonStrip.m in Sources */ = {isa = PBXBuildFile; fileRef = AA16B8041C3DC03C0033F57C /* DealButtonStrip.m */; };
		AAD63F2F1C8D342B008FE7B2 /* UIColor+CustomColors.m in Sources */ = {isa = PBXBuildFile; fileRef = AAD63F2E1C8D342B008FE7B2 /* UIColor+CustomColors.m */; };
		AADB77F31CABA3040007E3AA /* TermsTextView.xib in Resources */ = {isa = PBXBuildFile; fileRef = AADB77F21CABA3040007E3AA /* TermsTextView.xib */; };
		AADB77FC1CABA5810007E3AA /* TermsPopUpView.m in Sources */ = {isa = PBXBuildFile; fileRef = AADB77FB1CABA5810007E3AA /* TermsPopUpView.m */; };
		AADB77FF1CABA5FC0007E3AA /* TermsTextView.m in Sources */ = {isa = PBXBuildFile; fileRef = AADB77FE1CABA5FC0007E3AA /* TermsTextView.m */; };
		AAE2F3F51C55D3CC000D2FC7 /* Social.framework in Frameworks */ = {isa = PBXBuildFile; fileRef = AAE2F3F41C55D3CC000D2FC7 /* Social.framework */; };
/* End PBXBuildFile section */

/* Begin PBXFileReference section */
		4B85B872E2BA3407E0EF3BB8 /* Pods-DealSecret.release.xcconfig */ = {isa = PBXFileReference; includeInIndex = 1; lastKnownFileType = text.xcconfig; name = "Pods-DealSecret.release.xcconfig"; path = "Pods/Target Support Files/Pods-DealSecret/Pods-DealSecret.release.xcconfig"; sourceTree = "<group>"; };
		58028ED21C19610C00933E10 /* RegistrationViewController.h */ = {isa = PBXFileReference; fileEncoding = 4; lastKnownFileType = sourcecode.c.h; path = RegistrationViewController.h; sourceTree = "<group>"; };
		58028ED31C19610C00933E10 /* RegistrationViewController.m */ = {isa = PBXFileReference; fileEncoding = 4; lastKnownFileType = sourcecode.c.objc; path = RegistrationViewController.m; sourceTree = "<group>"; };
		58028ED41C19610C00933E10 /* RegistrationViewController.xib */ = {isa = PBXFileReference; fileEncoding = 4; lastKnownFileType = file.xib; path = RegistrationViewController.xib; sourceTree = "<group>"; };
		58028ED81C19692E00933E10 /* SplashScreenViewController.h */ = {isa = PBXFileReference; fileEncoding = 4; lastKnownFileType = sourcecode.c.h; path = SplashScreenViewController.h; sourceTree = "<group>"; };
		58028ED91C19692E00933E10 /* SplashScreenViewController.m */ = {isa = PBXFileReference; fileEncoding = 4; lastKnownFileType = sourcecode.c.objc; path = SplashScreenViewController.m; sourceTree = "<group>"; };
		58028EDA1C19692E00933E10 /* SplashScreenViewController.xib */ = {isa = PBXFileReference; fileEncoding = 4; lastKnownFileType = file.xib; path = SplashScreenViewController.xib; sourceTree = "<group>"; };
		58028EDD1C196E4F00933E10 /* LoginViewController.h */ = {isa = PBXFileReference; fileEncoding = 4; lastKnownFileType = sourcecode.c.h; path = LoginViewController.h; sourceTree = "<group>"; };
		58028EDE1C196E4F00933E10 /* LoginViewController.m */ = {isa = PBXFileReference; fileEncoding = 4; lastKnownFileType = sourcecode.c.objc; path = LoginViewController.m; sourceTree = "<group>"; };
		58028EDF1C196E4F00933E10 /* LoginViewController.xib */ = {isa = PBXFileReference; fileEncoding = 4; lastKnownFileType = file.xib; path = LoginViewController.xib; sourceTree = "<group>"; };
		5834A3E61C1663F50065F864 /* Foundation.framework */ = {isa = PBXFileReference; lastKnownFileType = wrapper.framework; name = Foundation.framework; path = System/Library/Frameworks/Foundation.framework; sourceTree = SDKROOT; };
		5834A3E81C1665070065F864 /* CoreFoundation.framework */ = {isa = PBXFileReference; lastKnownFileType = wrapper.framework; name = CoreFoundation.framework; path = System/Library/Frameworks/CoreFoundation.framework; sourceTree = SDKROOT; };
		58360A211C293ECE0057F5E3 /* DealCategoryManager.h */ = {isa = PBXFileReference; fileEncoding = 4; lastKnownFileType = sourcecode.c.h; path = DealCategoryManager.h; sourceTree = "<group>"; };
		58360A221C293ECE0057F5E3 /* DealCategoryManager.m */ = {isa = PBXFileReference; fileEncoding = 4; lastKnownFileType = sourcecode.c.objc; path = DealCategoryManager.m; sourceTree = "<group>"; };
		58391B7B1C04EB72007E3C57 /* Deal+CoreDataProperties.h */ = {isa = PBXFileReference; fileEncoding = 4; lastKnownFileType = sourcecode.c.h; path = "Deal+CoreDataProperties.h"; sourceTree = "<group>"; };
		58391B7C1C04EB72007E3C57 /* Deal+CoreDataProperties.m */ = {isa = PBXFileReference; fileEncoding = 4; lastKnownFileType = sourcecode.c.objc; path = "Deal+CoreDataProperties.m"; sourceTree = "<group>"; };
		58391B7D1C04EB72007E3C57 /* Deal.h */ = {isa = PBXFileReference; fileEncoding = 4; lastKnownFileType = sourcecode.c.h; path = Deal.h; sourceTree = "<group>"; };
		58391B7E1C04EB72007E3C57 /* Deal.m */ = {isa = PBXFileReference; fileEncoding = 4; lastKnownFileType = sourcecode.c.objc; path = Deal.m; sourceTree = "<group>"; };
		58391B811C04EEDE007E3C57 /* CategoriesTableViewController.h */ = {isa = PBXFileReference; fileEncoding = 4; lastKnownFileType = sourcecode.c.h; path = CategoriesTableViewController.h; sourceTree = "<group>"; };
		58391B821C04EEDE007E3C57 /* CategoriesTableViewController.m */ = {isa = PBXFileReference; fileEncoding = 4; lastKnownFileType = sourcecode.c.objc; path = CategoriesTableViewController.m; sourceTree = "<group>"; };
		583A48861C1D7807001F8146 /* TextField.h */ = {isa = PBXFileReference; fileEncoding = 4; lastKnownFileType = sourcecode.c.h; path = TextField.h; sourceTree = "<group>"; };
		583A48871C1D7807001F8146 /* TextField.m */ = {isa = PBXFileReference; fileEncoding = 4; lastKnownFileType = sourcecode.c.objc; path = TextField.m; sourceTree = "<group>"; };
		583A48891C1D7E26001F8146 /* CategoryTableViewCell.h */ = {isa = PBXFileReference; fileEncoding = 4; lastKnownFileType = sourcecode.c.h; path = CategoryTableViewCell.h; sourceTree = "<group>"; };
		583A488A1C1D7E26001F8146 /* CategoryTableViewCell.m */ = {isa = PBXFileReference; fileEncoding = 4; lastKnownFileType = sourcecode.c.objc; path = CategoryTableViewCell.m; sourceTree = "<group>"; };
		583A488B1C1D7E26001F8146 /* DealTableViewCell.xib */ = {isa = PBXFileReference; fileEncoding = 4; lastKnownFileType = file.xib; path = DealTableViewCell.xib; sourceTree = "<group>"; };
		583A48901C1E3F9F001F8146 /* DealsTableViewController.h */ = {isa = PBXFileReference; fileEncoding = 4; lastKnownFileType = sourcecode.c.h; path = DealsTableViewController.h; sourceTree = "<group>"; };
		583A48911C1E3F9F001F8146 /* DealsTableViewController.m */ = {isa = PBXFileReference; fileEncoding = 4; lastKnownFileType = sourcecode.c.objc; path = DealsTableViewController.m; sourceTree = "<group>"; };
		583A48931C1E621B001F8146 /* DealsMapViewController.h */ = {isa = PBXFileReference; fileEncoding = 4; lastKnownFileType = sourcecode.c.h; path = DealsMapViewController.h; sourceTree = "<group>"; };
		583A48941C1E621B001F8146 /* DealsMapViewController.m */ = {isa = PBXFileReference; fileEncoding = 4; lastKnownFileType = sourcecode.c.objc; path = DealsMapViewController.m; sourceTree = "<group>"; };
		58933F871C0115940013BCF2 /* DealSecret.app */ = {isa = PBXFileReference; explicitFileType = wrapper.application; includeInIndex = 0; path = DealSecret.app; sourceTree = BUILT_PRODUCTS_DIR; };
		58933F8B1C0115940013BCF2 /* main.m */ = {isa = PBXFileReference; lastKnownFileType = sourcecode.c.objc; path = main.m; sourceTree = "<group>"; };
		58933F8D1C0115940013BCF2 /* AppDelegate.h */ = {isa = PBXFileReference; lastKnownFileType = sourcecode.c.h; path = AppDelegate.h; sourceTree = "<group>"; };
		58933F8E1C0115940013BCF2 /* AppDelegate.m */ = {isa = PBXFileReference; lastKnownFileType = sourcecode.c.objc; path = AppDelegate.m; sourceTree = "<group>"; };
		58933F941C0115940013BCF2 /* Base */ = {isa = PBXFileReference; lastKnownFileType = file.storyboard; name = Base; path = Base.lproj/Main.storyboard; sourceTree = "<group>"; };
		58933F971C0115940013BCF2 /* DealSecret.xcdatamodel */ = {isa = PBXFileReference; lastKnownFileType = wrapper.xcdatamodel; path = DealSecret.xcdatamodel; sourceTree = "<group>"; };
		58933F991C0115950013BCF2 /* Assets.xcassets */ = {isa = PBXFileReference; lastKnownFileType = folder.assetcatalog; path = Assets.xcassets; sourceTree = "<group>"; };
		58933F9C1C0115950013BCF2 /* Base */ = {isa = PBXFileReference; lastKnownFileType = file.storyboard; name = Base; path = Base.lproj/LaunchScreen.storyboard; sourceTree = "<group>"; };
		58933F9E1C0115950013BCF2 /* Info.plist */ = {isa = PBXFileReference; lastKnownFileType = text.plist.xml; path = Info.plist; sourceTree = "<group>"; };
		58933FA61C0127480013BCF2 /* User.h */ = {isa = PBXFileReference; fileEncoding = 4; lastKnownFileType = sourcecode.c.h; path = User.h; sourceTree = "<group>"; };
		58933FA71C0127480013BCF2 /* User.m */ = {isa = PBXFileReference; fileEncoding = 4; lastKnownFileType = sourcecode.c.objc; path = User.m; sourceTree = "<group>"; };
		58933FC91C02CBA10013BCF2 /* CoreLocation.framework */ = {isa = PBXFileReference; lastKnownFileType = wrapper.framework; name = CoreLocation.framework; path = System/Library/Frameworks/CoreLocation.framework; sourceTree = SDKROOT; };
		58933FCB1C02CBC80013BCF2 /* LocationManager.h */ = {isa = PBXFileReference; fileEncoding = 4; lastKnownFileType = sourcecode.c.h; path = LocationManager.h; sourceTree = "<group>"; };
		58933FCC1C02CBC80013BCF2 /* LocationManager.m */ = {isa = PBXFileReference; fileEncoding = 4; lastKnownFileType = sourcecode.c.objc; path = LocationManager.m; sourceTree = "<group>"; };
		58933FCE1C02D9B50013BCF2 /* NetworkManager.h */ = {isa = PBXFileReference; fileEncoding = 4; lastKnownFileType = sourcecode.c.h; path = NetworkManager.h; sourceTree = "<group>"; };
		58933FCF1C02D9B50013BCF2 /* NetworkManager.m */ = {isa = PBXFileReference; fileEncoding = 4; lastKnownFileType = sourcecode.c.objc; path = NetworkManager.m; sourceTree = "<group>"; };
		589A0F4B1C062F2200458E52 /* Constants.h */ = {isa = PBXFileReference; fileEncoding = 4; lastKnownFileType = sourcecode.c.h; path = Constants.h; sourceTree = "<group>"; };
		589A0F4C1C062F2200458E52 /* Constants.m */ = {isa = PBXFileReference; fileEncoding = 4; lastKnownFileType = sourcecode.c.objc; path = Constants.m; sourceTree = "<group>"; };
		589A0F541C064A3900458E52 /* ManagedObject.h */ = {isa = PBXFileReference; fileEncoding = 4; lastKnownFileType = sourcecode.c.h; path = ManagedObject.h; sourceTree = "<group>"; };
		589A0F551C064A3900458E52 /* ManagedObject.m */ = {isa = PBXFileReference; fileEncoding = 4; lastKnownFileType = sourcecode.c.objc; path = ManagedObject.m; sourceTree = "<group>"; };
		589A0F5A1C07B8F500458E52 /* User+CoreDataProperties.h */ = {isa = PBXFileReference; fileEncoding = 4; lastKnownFileType = sourcecode.c.h; path = "User+CoreDataProperties.h"; sourceTree = "<group>"; };
		589A0F5B1C07B8F500458E52 /* User+CoreDataProperties.m */ = {isa = PBXFileReference; fileEncoding = 4; lastKnownFileType = sourcecode.c.objc; path = "User+CoreDataProperties.m"; sourceTree = "<group>"; };
		589A0F5D1C07D22800458E52 /* DealsHeaderView.h */ = {isa = PBXFileReference; fileEncoding = 4; lastKnownFileType = sourcecode.c.h; path = DealsHeaderView.h; sourceTree = "<group>"; };
		589A0F5E1C07D22800458E52 /* DealsHeaderView.m */ = {isa = PBXFileReference; fileEncoding = 4; lastKnownFileType = sourcecode.c.objc; path = DealsHeaderView.m; sourceTree = "<group>"; };
		589A0F611C0BB0B100458E52 /* DealTableViewCell.h */ = {isa = PBXFileReference; fileEncoding = 4; lastKnownFileType = sourcecode.c.h; path = DealTableViewCell.h; sourceTree = "<group>"; };
		589A0F621C0BB0B100458E52 /* DealTableViewCell.m */ = {isa = PBXFileReference; fileEncoding = 4; lastKnownFileType = sourcecode.c.objc; path = DealTableViewCell.m; sourceTree = "<group>"; };
		589A0F6A1C0FFC7400458E52 /* DealViewController.h */ = {isa = PBXFileReference; fileEncoding = 4; lastKnownFileType = sourcecode.c.h; path = DealViewController.h; sourceTree = "<group>"; };
		589A0F6B1C0FFC7400458E52 /* DealViewController.m */ = {isa = PBXFileReference; fileEncoding = 4; lastKnownFileType = sourcecode.c.objc; path = DealViewController.m; sourceTree = "<group>"; };
		589A0F6F1C10312900458E52 /* MapKit.framework */ = {isa = PBXFileReference; lastKnownFileType = wrapper.framework; name = MapKit.framework; path = System/Library/Frameworks/MapKit.framework; sourceTree = SDKROOT; };
		589A0F761C10487F00458E52 /* SettingsTableViewController.h */ = {isa = PBXFileReference; fileEncoding = 4; lastKnownFileType = sourcecode.c.h; path = SettingsTableViewController.h; sourceTree = "<group>"; };
		589A0F771C10487F00458E52 /* SettingsTableViewController.m */ = {isa = PBXFileReference; fileEncoding = 4; lastKnownFileType = sourcecode.c.objc; path = SettingsTableViewController.m; sourceTree = "<group>"; };
		589A0F781C10487F00458E52 /* SettingsTableViewController.xib */ = {isa = PBXFileReference; fileEncoding = 4; lastKnownFileType = file.xib; path = SettingsTableViewController.xib; sourceTree = "<group>"; };
		58D88BB11C2B942B002087E6 /* SubCategoryTableViewCell.h */ = {isa = PBXFileReference; fileEncoding = 4; lastKnownFileType = sourcecode.c.h; path = SubCategoryTableViewCell.h; sourceTree = "<group>"; };
		58D88BB21C2B942B002087E6 /* SubCategoryTableViewCell.m */ = {isa = PBXFileReference; fileEncoding = 4; lastKnownFileType = sourcecode.c.objc; path = SubCategoryTableViewCell.m; sourceTree = "<group>"; };
		58DB630F1C26035800B3D9F6 /* PreferencesTableViewController.xib */ = {isa = PBXFileReference; fileEncoding = 4; lastKnownFileType = file.xib; path = PreferencesTableViewController.xib; sourceTree = "<group>"; };
		58DB63121C26720B00B3D9F6 /* PreferencesTableViewController.h */ = {isa = PBXFileReference; fileEncoding = 4; lastKnownFileType = sourcecode.c.h; path = PreferencesTableViewController.h; sourceTree = "<group>"; };
		58DB63131C26720B00B3D9F6 /* PreferencesTableViewController.m */ = {isa = PBXFileReference; fileEncoding = 4; lastKnownFileType = sourcecode.c.objc; path = PreferencesTableViewController.m; sourceTree = "<group>"; };
		58DF6D1F1C27AEA200071717 /* DealSubCategory+CoreDataProperties.h */ = {isa = PBXFileReference; fileEncoding = 4; lastKnownFileType = sourcecode.c.h; path = "DealSubCategory+CoreDataProperties.h"; sourceTree = "<group>"; };
		58DF6D201C27AEA200071717 /* DealSubCategory+CoreDataProperties.m */ = {isa = PBXFileReference; fileEncoding = 4; lastKnownFileType = sourcecode.c.objc; path = "DealSubCategory+CoreDataProperties.m"; sourceTree = "<group>"; };
		58DF6D211C27AEA200071717 /* DealSubCategory.h */ = {isa = PBXFileReference; fileEncoding = 4; lastKnownFileType = sourcecode.c.h; path = DealSubCategory.h; sourceTree = "<group>"; };
		58DF6D221C27AEA200071717 /* DealSubCategory.m */ = {isa = PBXFileReference; fileEncoding = 4; lastKnownFileType = sourcecode.c.objc; path = DealSubCategory.m; sourceTree = "<group>"; };
		58DF6D231C27AEA200071717 /* DealCategory+CoreDataProperties.h */ = {isa = PBXFileReference; fileEncoding = 4; lastKnownFileType = sourcecode.c.h; path = "DealCategory+CoreDataProperties.h"; sourceTree = "<group>"; };
		58DF6D241C27AEA200071717 /* DealCategory+CoreDataProperties.m */ = {isa = PBXFileReference; fileEncoding = 4; lastKnownFileType = sourcecode.c.objc; path = "DealCategory+CoreDataProperties.m"; sourceTree = "<group>"; };
		58DF6D251C27AEA200071717 /* DealCategory.h */ = {isa = PBXFileReference; fileEncoding = 4; lastKnownFileType = sourcecode.c.h; path = DealCategory.h; sourceTree = "<group>"; };
		58DF6D261C27AEA200071717 /* DealCategory.m */ = {isa = PBXFileReference; fileEncoding = 4; lastKnownFileType = sourcecode.c.objc; path = DealCategory.m; sourceTree = "<group>"; };
		AA16B7FA1C3C6CF80033F57C /* ZipViewController.h */ = {isa = PBXFileReference; fileEncoding = 4; lastKnownFileType = sourcecode.c.h; path = ZipViewController.h; sourceTree = "<group>"; };
		AA16B7FB1C3C6CF80033F57C /* ZipViewController.m */ = {isa = PBXFileReference; fileEncoding = 4; lastKnownFileType = sourcecode.c.objc; path = ZipViewController.m; sourceTree = "<group>"; };
		AA16B8001C3CC00E0033F57C /* CategoryHeaderView.h */ = {isa = PBXFileReference; fileEncoding = 4; lastKnownFileType = sourcecode.c.h; path = CategoryHeaderView.h; sourceTree = "<group>"; };
		AA16B8011C3CC00E0033F57C /* CategoryHeaderView.m */ = {isa = PBXFileReference; fileEncoding = 4; lastKnownFileType = sourcecode.c.objc; path = CategoryHeaderView.m; sourceTree = "<group>"; };
		AA16B8031C3DC03C0033F57C /* DealButtonStrip.h */ = {isa = PBXFileReference; fileEncoding = 4; lastKnownFileType = sourcecode.c.h; path = DealButtonStrip.h; sourceTree = "<group>"; };
		AA16B8041C3DC03C0033F57C /* DealButtonStrip.m */ = {isa = PBXFileReference; fileEncoding = 4; lastKnownFileType = sourcecode.c.objc; path = DealButtonStrip.m; sourceTree = "<group>"; };
		AAD63F2D1C8D342B008FE7B2 /* UIColor+CustomColors.h */ = {isa = PBXFileReference; fileEncoding = 4; lastKnownFileType = sourcecode.c.h; path = "UIColor+CustomColors.h"; sourceTree = "<group>"; };
		AAD63F2E1C8D342B008FE7B2 /* UIColor+CustomColors.m */ = {isa = PBXFileReference; fileEncoding = 4; lastKnownFileType = sourcecode.c.objc; path = "UIColor+CustomColors.m"; sourceTree = "<group>"; };
		AADB77F21CABA3040007E3AA /* TermsTextView.xib */ = {isa = PBXFileReference; fileEncoding = 4; lastKnownFileType = file.xib; path = TermsTextView.xib; sourceTree = "<group>"; };
		AADB77FA1CABA5810007E3AA /* TermsPopUpView.h */ = {isa = PBXFileReference; fileEncoding = 4; lastKnownFileType = sourcecode.c.h; path = TermsPopUpView.h; sourceTree = "<group>"; };
		AADB77FB1CABA5810007E3AA /* TermsPopUpView.m */ = {isa = PBXFileReference; fileEncoding = 4; lastKnownFileType = sourcecode.c.objc; path = TermsPopUpView.m; sourceTree = "<group>"; };
		AADB77FD1CABA5FC0007E3AA /* TermsTextView.h */ = {isa = PBXFileReference; fileEncoding = 4; lastKnownFileType = sourcecode.c.h; path = TermsTextView.h; sourceTree = "<group>"; };
		AADB77FE1CABA5FC0007E3AA /* TermsTextView.m */ = {isa = PBXFileReference; fileEncoding = 4; lastKnownFileType = sourcecode.c.objc; path = TermsTextView.m; sourceTree = "<group>"; };
		AAE2F3F41C55D3CC000D2FC7 /* Social.framework */ = {isa = PBXFileReference; lastKnownFileType = wrapper.framework; name = Social.framework; path = System/Library/Frameworks/Social.framework; sourceTree = SDKROOT; };
		B4FCBAD5C9639A6E28F31134 /* libPods-DealSecret.a */ = {isa = PBXFileReference; explicitFileType = archive.ar; includeInIndex = 0; path = "libPods-DealSecret.a"; sourceTree = BUILT_PRODUCTS_DIR; };
		FD0C5017E6E7ADB50ADD2242 /* Pods-DealSecret.debug.xcconfig */ = {isa = PBXFileReference; includeInIndex = 1; lastKnownFileType = text.xcconfig; name = "Pods-DealSecret.debug.xcconfig"; path = "Pods/Target Support Files/Pods-DealSecret/Pods-DealSecret.debug.xcconfig"; sourceTree = "<group>"; };
/* End PBXFileReference section */

/* Begin PBXFrameworksBuildPhase section */
		58933F841C0115940013BCF2 /* Frameworks */ = {
			isa = PBXFrameworksBuildPhase;
			buildActionMask = 2147483647;
			files = (
				AAE2F3F51C55D3CC000D2FC7 /* Social.framework in Frameworks */,
				589A0F701C10312900458E52 /* MapKit.framework in Frameworks */,
				58933FCA1C02CBA10013BCF2 /* CoreLocation.framework in Frameworks */,
				A1856927AF1870455FDF25AC /* libPods-DealSecret.a in Frameworks */,
			);
			runOnlyForDeploymentPostprocessing = 0;
		};
/* End PBXFrameworksBuildPhase section */

/* Begin PBXGroup section */
		297A6BB654712EA0D68742CF /* Pods */ = {
			isa = PBXGroup;
			children = (
				FD0C5017E6E7ADB50ADD2242 /* Pods-DealSecret.debug.xcconfig */,
				4B85B872E2BA3407E0EF3BB8 /* Pods-DealSecret.release.xcconfig */,
			);
			name = Pods;
			sourceTree = "<group>";
		};
		58028ED71C19612000933E10 /* Nibs */ = {
			isa = PBXGroup;
			children = (
				589A0F781C10487F00458E52 /* SettingsTableViewController.xib */,
				58028ED41C19610C00933E10 /* RegistrationViewController.xib */,
				58028EDA1C19692E00933E10 /* SplashScreenViewController.xib */,
				58028EDF1C196E4F00933E10 /* LoginViewController.xib */,
				58DB630F1C26035800B3D9F6 /* PreferencesTableViewController.xib */,
			);
			name = Nibs;
			sourceTree = "<group>";
		};
		58391B7A1C04E9CA007E3C57 /* Models */ = {
			isa = PBXGroup;
			children = (
				58360A211C293ECE0057F5E3 /* DealCategoryManager.h */,
				58360A221C293ECE0057F5E3 /* DealCategoryManager.m */,
				58DF6D1F1C27AEA200071717 /* DealSubCategory+CoreDataProperties.h */,
				58DF6D201C27AEA200071717 /* DealSubCategory+CoreDataProperties.m */,
				58DF6D211C27AEA200071717 /* DealSubCategory.h */,
				58DF6D221C27AEA200071717 /* DealSubCategory.m */,
				58DF6D231C27AEA200071717 /* DealCategory+CoreDataProperties.h */,
				58DF6D241C27AEA200071717 /* DealCategory+CoreDataProperties.m */,
				58DF6D251C27AEA200071717 /* DealCategory.h */,
				58DF6D261C27AEA200071717 /* DealCategory.m */,
				589A0F5A1C07B8F500458E52 /* User+CoreDataProperties.h */,
				589A0F5B1C07B8F500458E52 /* User+CoreDataProperties.m */,
				58933FA61C0127480013BCF2 /* User.h */,
				58933FA71C0127480013BCF2 /* User.m */,
				58391B7B1C04EB72007E3C57 /* Deal+CoreDataProperties.h */,
				58391B7C1C04EB72007E3C57 /* Deal+CoreDataProperties.m */,
				58391B7D1C04EB72007E3C57 /* Deal.h */,
				58391B7E1C04EB72007E3C57 /* Deal.m */,
				589A0F541C064A3900458E52 /* ManagedObject.h */,
				589A0F551C064A3900458E52 /* ManagedObject.m */,
				58933FCB1C02CBC80013BCF2 /* LocationManager.h */,
				58933FCC1C02CBC80013BCF2 /* LocationManager.m */,
				58933FCE1C02D9B50013BCF2 /* NetworkManager.h */,
				58933FCF1C02D9B50013BCF2 /* NetworkManager.m */,
			);
			name = Models;
			sourceTree = "<group>";
		};
		583A488E1C1D7E3B001F8146 /* Nibs */ = {
			isa = PBXGroup;
			children = (
				AADB77F21CABA3040007E3AA /* TermsTextView.xib */,
				583A488B1C1D7E26001F8146 /* DealTableViewCell.xib */,
			);
			name = Nibs;
			sourceTree = "<group>";
		};
		58933F7E1C0115940013BCF2 = {
			isa = PBXGroup;
			children = (
				58933F891C0115940013BCF2 /* DealSecret */,
				58933F881C0115940013BCF2 /* Products */,
				297A6BB654712EA0D68742CF /* Pods */,
				68709F70408DEE08F8C6D948 /* Frameworks */,
			);
			sourceTree = "<group>";
		};
		58933F881C0115940013BCF2 /* Products */ = {
			isa = PBXGroup;
			children = (
				58933F871C0115940013BCF2 /* DealSecret.app */,
			);
			name = Products;
			sourceTree = "<group>";
		};
		58933F891C0115940013BCF2 /* DealSecret */ = {
			isa = PBXGroup;
			children = (
				58933F8D1C0115940013BCF2 /* AppDelegate.h */,
				58933F8E1C0115940013BCF2 /* AppDelegate.m */,
				589A0F4A1C05588C00458E52 /* Controllers */,
				589A0F601C07D23500458E52 /* Views */,
				58391B7A1C04E9CA007E3C57 /* Models */,
				589A0F4B1C062F2200458E52 /* Constants.h */,
				589A0F4C1C062F2200458E52 /* Constants.m */,
				58933F931C0115940013BCF2 /* Main.storyboard */,
				58933F991C0115950013BCF2 /* Assets.xcassets */,
				58933F9B1C0115950013BCF2 /* LaunchScreen.storyboard */,
				58933F9E1C0115950013BCF2 /* Info.plist */,
				58933F961C0115940013BCF2 /* DealSecret.xcdatamodeld */,
				58933F8A1C0115940013BCF2 /* Supporting Files */,
			);
			path = DealSecret;
			sourceTree = "<group>";
		};
		58933F8A1C0115940013BCF2 /* Supporting Files */ = {
			isa = PBXGroup;
			children = (
				58933F8B1C0115940013BCF2 /* main.m */,
			);
			name = "Supporting Files";
			sourceTree = "<group>";
		};
		589A0F4A1C05588C00458E52 /* Controllers */ = {
			isa = PBXGroup;
			children = (
				58028ED71C19612000933E10 /* Nibs */,
				58391B811C04EEDE007E3C57 /* CategoriesTableViewController.h */,
				58391B821C04EEDE007E3C57 /* CategoriesTableViewController.m */,
				AA16B7FA1C3C6CF80033F57C /* ZipViewController.h */,
				AA16B7FB1C3C6CF80033F57C /* ZipViewController.m */,
				58DB63121C26720B00B3D9F6 /* PreferencesTableViewController.h */,
				58DB63131C26720B00B3D9F6 /* PreferencesTableViewController.m */,
				583A48901C1E3F9F001F8146 /* DealsTableViewController.h */,
				583A48911C1E3F9F001F8146 /* DealsTableViewController.m */,
				AAD63F2D1C8D342B008FE7B2 /* UIColor+CustomColors.h */,
				AAD63F2E1C8D342B008FE7B2 /* UIColor+CustomColors.m */,
				589A0F6A1C0FFC7400458E52 /* DealViewController.h */,
				589A0F6B1C0FFC7400458E52 /* DealViewController.m */,
				589A0F761C10487F00458E52 /* SettingsTableViewController.h */,
				589A0F771C10487F00458E52 /* SettingsTableViewController.m */,
				58028ED21C19610C00933E10 /* RegistrationViewController.h */,
				58028ED31C19610C00933E10 /* RegistrationViewController.m */,
				58028ED81C19692E00933E10 /* SplashScreenViewController.h */,
				58028ED91C19692E00933E10 /* SplashScreenViewController.m */,
				58028EDD1C196E4F00933E10 /* LoginViewController.h */,
				58028EDE1C196E4F00933E10 /* LoginViewController.m */,
				583A48931C1E621B001F8146 /* DealsMapViewController.h */,
				583A48941C1E621B001F8146 /* DealsMapViewController.m */,
			);
			name = Controllers;
			sourceTree = "<group>";
		};
		589A0F601C07D23500458E52 /* Views */ = {
			isa = PBXGroup;
			children = (
				583A488E1C1D7E3B001F8146 /* Nibs */,
				AA16B8031C3DC03C0033F57C /* DealButtonStrip.h */,
				AA16B8041C3DC03C0033F57C /* DealButtonStrip.m */,
				58D88BB11C2B942B002087E6 /* SubCategoryTableViewCell.h */,
				58D88BB21C2B942B002087E6 /* SubCategoryTableViewCell.m */,
				AADB77FA1CABA5810007E3AA /* TermsPopUpView.h */,
				AADB77FB1CABA5810007E3AA /* TermsPopUpView.m */,
				AADB77FD1CABA5FC0007E3AA /* TermsTextView.h */,
				AADB77FE1CABA5FC0007E3AA /* TermsTextView.m */,
				AA16B8001C3CC00E0033F57C /* CategoryHeaderView.h */,
				AA16B8011C3CC00E0033F57C /* CategoryHeaderView.m */,
				583A48861C1D7807001F8146 /* TextField.h */,
				583A48871C1D7807001F8146 /* TextField.m */,
				589A0F5D1C07D22800458E52 /* DealsHeaderView.h */,
				589A0F5E1C07D22800458E52 /* DealsHeaderView.m */,
				589A0F611C0BB0B100458E52 /* DealTableViewCell.h */,
				589A0F621C0BB0B100458E52 /* DealTableViewCell.m */,
				583A48891C1D7E26001F8146 /* CategoryTableViewCell.h */,
				583A488A1C1D7E26001F8146 /* CategoryTableViewCell.m */,
			);
			name = Views;
			sourceTree = "<group>";
		};
		68709F70408DEE08F8C6D948 /* Frameworks */ = {
			isa = PBXGroup;
			children = (
				AAE2F3F41C55D3CC000D2FC7 /* Social.framework */,
				5834A3E81C1665070065F864 /* CoreFoundation.framework */,
				5834A3E61C1663F50065F864 /* Foundation.framework */,
				589A0F6F1C10312900458E52 /* MapKit.framework */,
				58933FC91C02CBA10013BCF2 /* CoreLocation.framework */,
				B4FCBAD5C9639A6E28F31134 /* libPods-DealSecret.a */,
			);
			name = Frameworks;
			sourceTree = "<group>";
		};
/* End PBXGroup section */

/* Begin PBXNativeTarget section */
		58933F861C0115940013BCF2 /* DealSecret */ = {
			isa = PBXNativeTarget;
			buildConfigurationList = 58933FA11C0115950013BCF2 /* Build configuration list for PBXNativeTarget "DealSecret" */;
			buildPhases = (
				A39AA0C2735AFC3A314F4238 /* Check Pods Manifest.lock */,
				58933F831C0115940013BCF2 /* Sources */,
				58933F841C0115940013BCF2 /* Frameworks */,
				58933F851C0115940013BCF2 /* Resources */,
				5A90AA86C81CD2F3DC70D384 /* Embed Pods Frameworks */,
				53D1D50B7FB906D9AA94F658 /* Copy Pods Resources */,
				AAD63F321C94FD42008FE7B2 /* ShellScript */,
			);
			buildRules = (
			);
			dependencies = (
			);
			name = DealSecret;
			productName = DealSecret;
			productReference = 58933F871C0115940013BCF2 /* DealSecret.app */;
			productType = "com.apple.product-type.application";
		};
/* End PBXNativeTarget section */

/* Begin PBXProject section */
		58933F7F1C0115940013BCF2 /* Project object */ = {
			isa = PBXProject;
			attributes = {
				LastUpgradeCheck = 0710;
				ORGANIZATIONNAME = "Michael Spearman";
				TargetAttributes = {
					58933F861C0115940013BCF2 = {
						CreatedOnToolsVersion = 7.1.1;
						DevelopmentTeam = NS39R5GCEM;
						SystemCapabilities = {
							com.apple.BackgroundModes = {
								enabled = 1;
							};
							com.apple.Push = {
								enabled = 1;
							};
						};
					};
				};
			};
			buildConfigurationList = 58933F821C0115940013BCF2 /* Build configuration list for PBXProject "DealSecret" */;
			compatibilityVersion = "Xcode 3.2";
			developmentRegion = English;
			hasScannedForEncodings = 0;
			knownRegions = (
				en,
				Base,
			);
			mainGroup = 58933F7E1C0115940013BCF2;
			productRefGroup = 58933F881C0115940013BCF2 /* Products */;
			projectDirPath = "";
			projectRoot = "";
			targets = (
				58933F861C0115940013BCF2 /* DealSecret */,
			);
		};
/* End PBXProject section */

/* Begin PBXResourcesBuildPhase section */
		58933F851C0115940013BCF2 /* Resources */ = {
			isa = PBXResourcesBuildPhase;
			buildActionMask = 2147483647;
			files = (
				58028EE11C196E4F00933E10 /* LoginViewController.xib in Resources */,
				58DB63111C26035800B3D9F6 /* PreferencesTableViewController.xib in Resources */,
				AADB77F31CABA3040007E3AA /* TermsTextView.xib in Resources */,
				589A0F7A1C10487F00458E52 /* SettingsTableViewController.xib in Resources */,
				58933F9D1C0115950013BCF2 /* LaunchScreen.storyboard in Resources */,
				583A488D1C1D7E26001F8146 /* DealTableViewCell.xib in Resources */,
				58028ED61C19610C00933E10 /* RegistrationViewController.xib in Resources */,
				58933F9A1C0115950013BCF2 /* Assets.xcassets in Resources */,
				58933F951C0115940013BCF2 /* Main.storyboard in Resources */,
				58028EDC1C19692E00933E10 /* SplashScreenViewController.xib in Resources */,
			);
			runOnlyForDeploymentPostprocessing = 0;
		};
/* End PBXResourcesBuildPhase section */

/* Begin PBXShellScriptBuildPhase section */
		53D1D50B7FB906D9AA94F658 /* Copy Pods Resources */ = {
			isa = PBXShellScriptBuildPhase;
			buildActionMask = 2147483647;
			files = (
			);
			inputPaths = (
			);
			name = "Copy Pods Resources";
			outputPaths = (
			);
			runOnlyForDeploymentPostprocessing = 0;
			shellPath = /bin/sh;
			shellScript = "\"${SRCROOT}/Pods/Target Support Files/Pods-DealSecret/Pods-DealSecret-resources.sh\"\n";
			showEnvVarsInLog = 0;
		};
		5A90AA86C81CD2F3DC70D384 /* Embed Pods Frameworks */ = {
			isa = PBXShellScriptBuildPhase;
			buildActionMask = 2147483647;
			files = (
			);
			inputPaths = (
			);
			name = "Embed Pods Frameworks";
			outputPaths = (
			);
			runOnlyForDeploymentPostprocessing = 0;
			shellPath = /bin/sh;
			shellScript = "\"${SRCROOT}/Pods/Target Support Files/Pods-DealSecret/Pods-DealSecret-frameworks.sh\"\n";
			showEnvVarsInLog = 0;
		};
		A39AA0C2735AFC3A314F4238 /* Check Pods Manifest.lock */ = {
			isa = PBXShellScriptBuildPhase;
			buildActionMask = 2147483647;
			files = (
			);
			inputPaths = (
			);
			name = "Check Pods Manifest.lock";
			outputPaths = (
			);
			runOnlyForDeploymentPostprocessing = 0;
			shellPath = /bin/sh;
			shellScript = "diff \"${PODS_ROOT}/../Podfile.lock\" \"${PODS_ROOT}/Manifest.lock\" > /dev/null\nif [[ $? != 0 ]] ; then\n    cat << EOM\nerror: The sandbox is not in sync with the Podfile.lock. Run 'pod install' or update your CocoaPods installation.\nEOM\n    exit 1\nfi\n";
			showEnvVarsInLog = 0;
		};
		AAD63F321C94FD42008FE7B2 /* ShellScript */ = {
			isa = PBXShellScriptBuildPhase;
			buildActionMask = 2147483647;
			files = (
			);
			inputPaths = (
			);
			outputPaths = (
			);
			runOnlyForDeploymentPostprocessing = 0;
			shellPath = /bin/sh;
			shellScript = "\"${PODS_ROOT}/Fabric/run\" 51b79a3213537a38334b07e26af5b8b99887791f bed663d742b06117ac60702514f9e5d51f6658a955ce165c0d4b5f3d5510e05a";
		};
/* End PBXShellScriptBuildPhase section */

/* Begin PBXSourcesBuildPhase section */
		58933F831C0115940013BCF2 /* Sources */ = {
			isa = PBXSourcesBuildPhase;
			buildActionMask = 2147483647;
			files = (
				58391B801C04EB72007E3C57 /* Deal.m in Sources */,
				58DB63141C26720B00B3D9F6 /* PreferencesTableViewController.m in Sources */,
				58360A231C293ECE0057F5E3 /* DealCategoryManager.m in Sources */,
				58933FD01C02D9B50013BCF2 /* NetworkManager.m in Sources */,
				589A0F4D1C062F2200458E52 /* Constants.m in Sources */,
				AADB77FC1CABA5810007E3AA /* TermsPopUpView.m in Sources */,
				58028EE01C196E4F00933E10 /* LoginViewController.m in Sources */,
				58028EDB1C19692E00933E10 /* SplashScreenViewController.m in Sources */,
				58391B7F1C04EB72007E3C57 /* Deal+CoreDataProperties.m in Sources */,
				583A488C1C1D7E26001F8146 /* CategoryTableViewCell.m in Sources */,
				589A0F6D1C0FFC7400458E52 /* DealViewController.m in Sources */,
				589A0F631C0BB0B100458E52 /* DealTableViewCell.m in Sources */,
				58028ED51C19610C00933E10 /* RegistrationViewController.m in Sources */,
				58933FA91C0127480013BCF2 /* User.m in Sources */,
				589A0F5F1C07D22800458E52 /* DealsHeaderView.m in Sources */,
				AAD63F2F1C8D342B008FE7B2 /* UIColor+CustomColors.m in Sources */,
				AA16B8051C3DC03C0033F57C /* DealButtonStrip.m in Sources */,
				589A0F791C10487F00458E52 /* SettingsTableViewController.m in Sources */,
				58933FCD1C02CBC80013BCF2 /* LocationManager.m in Sources */,
				58933F8F1C0115940013BCF2 /* AppDelegate.m in Sources */,
				AA16B8021C3CC00E0033F57C /* CategoryHeaderView.m in Sources */,
				58DF6D291C27AEA200071717 /* DealCategory+CoreDataProperties.m in Sources */,
				58933F8C1C0115940013BCF2 /* main.m in Sources */,
				583A48951C1E621B001F8146 /* DealsMapViewController.m in Sources */,
				583A48881C1D7807001F8146 /* TextField.m in Sources */,
				583A48921C1E3F9F001F8146 /* DealsTableViewController.m in Sources */,
				58D88BB31C2B942B002087E6 /* SubCategoryTableViewCell.m in Sources */,
				58933F981C0115940013BCF2 /* DealSecret.xcdatamodeld in Sources */,
				58DF6D271C27AEA200071717 /* DealSubCategory+CoreDataProperties.m in Sources */,
				AA16B7FC1C3C6CF80033F57C /* ZipViewController.m in Sources */,
				58DF6D2A1C27AEA200071717 /* DealCategory.m in Sources */,
				589A0F561C064A3900458E52 /* ManagedObject.m in Sources */,
				589A0F5C1C07B8F500458E52 /* User+CoreDataProperties.m in Sources */,
				AADB77FF1CABA5FC0007E3AA /* TermsTextView.m in Sources */,
				58391B841C04EEDE007E3C57 /* CategoriesTableViewController.m in Sources */,
				58DF6D281C27AEA200071717 /* DealSubCategory.m in Sources */,
			);
			runOnlyForDeploymentPostprocessing = 0;
		};
/* End PBXSourcesBuildPhase section */

/* Begin PBXVariantGroup section */
		58933F931C0115940013BCF2 /* Main.storyboard */ = {
			isa = PBXVariantGroup;
			children = (
				58933F941C0115940013BCF2 /* Base */,
			);
			name = Main.storyboard;
			sourceTree = "<group>";
		};
		58933F9B1C0115950013BCF2 /* LaunchScreen.storyboard */ = {
			isa = PBXVariantGroup;
			children = (
				58933F9C1C0115950013BCF2 /* Base */,
			);
			name = LaunchScreen.storyboard;
			sourceTree = "<group>";
		};
/* End PBXVariantGroup section */

/* Begin XCBuildConfiguration section */
		58933F9F1C0115950013BCF2 /* Debug */ = {
			isa = XCBuildConfiguration;
			buildSettings = {
				ALWAYS_SEARCH_USER_PATHS = NO;
				CLANG_CXX_LANGUAGE_STANDARD = "gnu++0x";
				CLANG_CXX_LIBRARY = "libc++";
				CLANG_ENABLE_MODULES = YES;
				CLANG_ENABLE_OBJC_ARC = YES;
				CLANG_WARN_BOOL_CONVERSION = YES;
				CLANG_WARN_CONSTANT_CONVERSION = YES;
				CLANG_WARN_DIRECT_OBJC_ISA_USAGE = YES_ERROR;
				CLANG_WARN_EMPTY_BODY = YES;
				CLANG_WARN_ENUM_CONVERSION = YES;
				CLANG_WARN_INT_CONVERSION = YES;
				CLANG_WARN_OBJC_ROOT_CLASS = YES_ERROR;
				CLANG_WARN_UNREACHABLE_CODE = YES;
				CLANG_WARN__DUPLICATE_METHOD_MATCH = YES;
				"CODE_SIGN_IDENTITY[sdk=iphoneos*]" = "iPhone Developer";
				COPY_PHASE_STRIP = NO;
				DEBUG_INFORMATION_FORMAT = dwarf;
				ENABLE_STRICT_OBJC_MSGSEND = YES;
				ENABLE_TESTABILITY = YES;
				GCC_C_LANGUAGE_STANDARD = gnu99;
				GCC_DYNAMIC_NO_PIC = NO;
				GCC_NO_COMMON_BLOCKS = YES;
				GCC_OPTIMIZATION_LEVEL = 0;
				GCC_PREPROCESSOR_DEFINITIONS = (
					"DEBUG=1",
					"$(inherited)",
				);
				GCC_WARN_64_TO_32_BIT_CONVERSION = YES;
				GCC_WARN_ABOUT_RETURN_TYPE = YES_ERROR;
				GCC_WARN_UNDECLARED_SELECTOR = YES;
				GCC_WARN_UNINITIALIZED_AUTOS = YES_AGGRESSIVE;
				GCC_WARN_UNUSED_FUNCTION = YES;
				GCC_WARN_UNUSED_VARIABLE = YES;
				IPHONEOS_DEPLOYMENT_TARGET = 9.1;
				MTL_ENABLE_DEBUG_INFO = YES;
				ONLY_ACTIVE_ARCH = YES;
				SDKROOT = iphoneos;
			};
			name = Debug;
		};
		58933FA01C0115950013BCF2 /* Release */ = {
			isa = XCBuildConfiguration;
			buildSettings = {
				ALWAYS_SEARCH_USER_PATHS = NO;
				CLANG_CXX_LANGUAGE_STANDARD = "gnu++0x";
				CLANG_CXX_LIBRARY = "libc++";
				CLANG_ENABLE_MODULES = YES;
				CLANG_ENABLE_OBJC_ARC = YES;
				CLANG_WARN_BOOL_CONVERSION = YES;
				CLANG_WARN_CONSTANT_CONVERSION = YES;
				CLANG_WARN_DIRECT_OBJC_ISA_USAGE = YES_ERROR;
				CLANG_WARN_EMPTY_BODY = YES;
				CLANG_WARN_ENUM_CONVERSION = YES;
				CLANG_WARN_INT_CONVERSION = YES;
				CLANG_WARN_OBJC_ROOT_CLASS = YES_ERROR;
				CLANG_WARN_UNREACHABLE_CODE = YES;
				CLANG_WARN__DUPLICATE_METHOD_MATCH = YES;
				"CODE_SIGN_IDENTITY[sdk=iphoneos*]" = "iPhone Developer";
				COPY_PHASE_STRIP = NO;
				DEBUG_INFORMATION_FORMAT = "dwarf-with-dsym";
				ENABLE_NS_ASSERTIONS = NO;
				ENABLE_STRICT_OBJC_MSGSEND = YES;
				GCC_C_LANGUAGE_STANDARD = gnu99;
				GCC_NO_COMMON_BLOCKS = YES;
				GCC_WARN_64_TO_32_BIT_CONVERSION = YES;
				GCC_WARN_ABOUT_RETURN_TYPE = YES_ERROR;
				GCC_WARN_UNDECLARED_SELECTOR = YES;
				GCC_WARN_UNINITIALIZED_AUTOS = YES_AGGRESSIVE;
				GCC_WARN_UNUSED_FUNCTION = YES;
				GCC_WARN_UNUSED_VARIABLE = YES;
				IPHONEOS_DEPLOYMENT_TARGET = 9.1;
				MTL_ENABLE_DEBUG_INFO = NO;
				SDKROOT = iphoneos;
				VALIDATE_PRODUCT = YES;
			};
			name = Release;
		};
		58933FA21C0115950013BCF2 /* Debug */ = {
			isa = XCBuildConfiguration;
			baseConfigurationReference = FD0C5017E6E7ADB50ADD2242 /* Pods-DealSecret.debug.xcconfig */;
			buildSettings = {
				ASSETCATALOG_COMPILER_APPICON_NAME = AppIcon;
				ASSETCATALOG_COMPILER_LAUNCHIMAGE_NAME = LaunchImage;
				CODE_SIGN_IDENTITY = "iPhone Developer";
				"CODE_SIGN_IDENTITY[sdk=iphoneos*]" = "iPhone Developer";
				INFOPLIST_FILE = DealSecret/Info.plist;
				IPHONEOS_DEPLOYMENT_TARGET = 7.0;
				LD_RUNPATH_SEARCH_PATHS = "$(inherited) @executable_path/Frameworks";
				PRODUCT_BUNDLE_IDENTIFIER = com.fingertipdeal.fingertipdeal;
				PRODUCT_NAME = "$(TARGET_NAME)";
				PROVISIONING_PROFILE = "";
			};
			name = Debug;
		};
		58933FA31C0115950013BCF2 /* Release */ = {
			isa = XCBuildConfiguration;
			baseConfigurationReference = 4B85B872E2BA3407E0EF3BB8 /* Pods-DealSecret.release.xcconfig */;
			buildSettings = {
				ASSETCATALOG_COMPILER_APPICON_NAME = AppIcon;
				ASSETCATALOG_COMPILER_LAUNCHIMAGE_NAME = LaunchImage;
				CODE_SIGN_IDENTITY = "iPhone Developer";
				"CODE_SIGN_IDENTITY[sdk=iphoneos*]" = "iPhone Developer";
				INFOPLIST_FILE = DealSecret/Info.plist;
				IPHONEOS_DEPLOYMENT_TARGET = 7.0;
				LD_RUNPATH_SEARCH_PATHS = "$(inherited) @executable_path/Frameworks";
				PRODUCT_BUNDLE_IDENTIFIER = com.fingertipdeal.fingertipdeal;
				PRODUCT_NAME = "$(TARGET_NAME)";
				PROVISIONING_PROFILE = "";
			};
			name = Release;
		};
/* End XCBuildConfiguration section */

/* Begin XCConfigurationList section */
		58933F821C0115940013BCF2 /* Build configuration list for PBXProject "DealSecret" */ = {
			isa = XCConfigurationList;
			buildConfigurations = (
				58933F9F1C0115950013BCF2 /* Debug */,
				58933FA01C0115950013BCF2 /* Release */,
			);
			defaultConfigurationIsVisible = 0;
			defaultConfigurationName = Release;
		};
		58933FA11C0115950013BCF2 /* Build configuration list for PBXNativeTarget "DealSecret" */ = {
			isa = XCConfigurationList;
			buildConfigurations = (
				58933FA21C0115950013BCF2 /* Debug */,
				58933FA31C0115950013BCF2 /* Release */,
			);
			defaultConfigurationIsVisible = 0;
			defaultConfigurationName = Release;
		};
/* End XCConfigurationList section */

/* Begin XCVersionGroup section */
		58933F961C0115940013BCF2 /* DealSecret.xcdatamodeld */ = {
			isa = XCVersionGroup;
			children = (
				58933F971C0115940013BCF2 /* DealSecret.xcdatamodel */,
			);
			currentVersion = 58933F971C0115940013BCF2 /* DealSecret.xcdatamodel */;
			path = DealSecret.xcdatamodeld;
			sourceTree = "<group>";
			versionGroupType = wrapper.xcdatamodel;
		};
/* End XCVersionGroup section */
	};
	rootObject = 58933F7F1C0115940013BCF2 /* Project object */;
}
